<?xml version="1.0" encoding="utf-8"?>
<Project ToolsVersion="4.0" xmlns="http://schemas.microsoft.com/developer/msbuild/2003">
  <ItemGroup>
    <Manifest Include="settings.manifest" />
  </ItemGroup>
  <ItemGroup>
    <ClCompile Include="Classes\Game\Game.cpp">
      <Filter>Main\Game</Filter>
    </ClCompile>
    <ClCompile Include="Classes\Editor\GameEditor.cpp">
      <Filter>Main\Game</Filter>
    </ClCompile>
    <ClCompile Include="Classes\imgui\imgui.cpp">
      <Filter>UI</Filter>
    </ClCompile>
    <ClCompile Include="Classes\imgui\imgui_demo.cpp">
      <Filter>UI</Filter>
    </ClCompile>
    <ClCompile Include="Classes\imgui\imgui_draw.cpp">
      <Filter>UI</Filter>
    </ClCompile>
    <ClCompile Include="Classes\imgui\imgui_impl_dx11.cpp">
      <Filter>UI</Filter>
    </ClCompile>
    <ClCompile Include="ShunLib\src\SL_ConstantNumber.cpp">
      <Filter>ShunLib</Filter>
    </ClCompile>
    <ClCompile Include="ShunLib\src\SL_Conversion.cpp">
      <Filter>ShunLib</Filter>
    </ClCompile>
    <ClCompile Include="ShunLib\src\SL_Matrix.cpp">
      <Filter>ShunLib</Filter>
    </ClCompile>
    <ClCompile Include="ShunLib\src\SL_RandomNumber.cpp">
      <Filter>ShunLib</Filter>
    </ClCompile>
    <ClCompile Include="ShunLibTK\src\SL_Texture.cpp">
      <Filter>ShunLib</Filter>
    </ClCompile>
    <ClCompile Include="ShunLib\src\SL_Vec2.cpp">
      <Filter>ShunLib</Filter>
    </ClCompile>
    <ClCompile Include="ShunLib\src\SL_Vec3.cpp">
      <Filter>ShunLib</Filter>
    </ClCompile>
    <ClCompile Include="ShunLib\src\SL_Vec4.cpp">
      <Filter>ShunLib</Filter>
    </ClCompile>
    <ClCompile Include="SL_Window.cpp">
      <Filter>ShunLib</Filter>
    </ClCompile>
    <ClCompile Include="Classes\Map\Tile.cpp">
      <Filter>Map</Filter>
    </ClCompile>
    <ClCompile Include="WinMain.cpp">
      <Filter>Main</Filter>
    </ClCompile>
    <ClCompile Include="Classes\UI\Editor\UIWindow.cpp">
      <Filter>UI\Editor</Filter>
    </ClCompile>
    <ClCompile Include="Classes\UI\Editor\UIBase.cpp">
      <Filter>UI\Editor</Filter>
    </ClCompile>
    <ClCompile Include="Classes\UI\Editor\UIButton.cpp">
      <Filter>UI\Editor</Filter>
    </ClCompile>
  </ItemGroup>
  <ItemGroup>
    <ClInclude Include="Classes\Game\Game.h">
      <Filter>Main\Game</Filter>
    </ClInclude>
    <ClInclude Include="Classes\Editor\GameEditor.h">
      <Filter>Main\Game</Filter>
    </ClInclude>
    <ClInclude Include="Classes\imgui\imconfig.h">
      <Filter>UI</Filter>
    </ClInclude>
    <ClInclude Include="Classes\imgui\imgui.h">
      <Filter>UI</Filter>
    </ClInclude>
    <ClInclude Include="Classes\imgui\imgui_impl_dx11.h">
      <Filter>UI</Filter>
    </ClInclude>
    <ClInclude Include="Classes\imgui\imgui_internal.h">
      <Filter>UI</Filter>
    </ClInclude>
    <ClInclude Include="ShunLib\inc\SL_Command.h">
      <Filter>ShunLib</Filter>
    </ClInclude>
    <ClInclude Include="ShunLib\inc\SL_CommandInput.h">
      <Filter>ShunLib</Filter>
    </ClInclude>
    <ClInclude Include="ShunLib\inc\SL_CompositeVisitor.h">
      <Filter>ShunLib</Filter>
    </ClInclude>
    <ClInclude Include="ShunLib\inc\SL_ConstantNumber.h">
      <Filter>ShunLib</Filter>
    </ClInclude>
    <ClInclude Include="ShunLib\inc\SL_Conversion.h">
      <Filter>ShunLib</Filter>
    </ClInclude>
    <ClInclude Include="ShunLibTK\inc\SL_ConversionTK.h">
      <Filter>ShunLib</Filter>
    </ClInclude>
    <ClInclude Include="ShunLib\inc\SL_Factory.h">
      <Filter>ShunLib</Filter>
    </ClInclude>
    <ClInclude Include="ShunLibTK\inc\SL_KeyManager.h">
      <Filter>ShunLib</Filter>
    </ClInclude>
    <ClInclude Include="ShunLib\inc\SL_MacroConstants.h">
      <Filter>ShunLib</Filter>
    </ClInclude>
    <ClInclude Include="ShunLib\inc\SL_Matrix.h">
      <Filter>ShunLib</Filter>
    </ClInclude>
    <ClInclude Include="ShunLib\inc\SL_RandomNumber.h">
      <Filter>ShunLib</Filter>
    </ClInclude>
    <ClInclude Include="ShunLib\inc\SL_Singleton.h">
      <Filter>ShunLib</Filter>
    </ClInclude>
    <ClInclude Include="ShunLib\inc\SL_State.h">
      <Filter>ShunLib</Filter>
    </ClInclude>
    <ClInclude Include="ShunLib\inc\SL_StateMachine.h">
      <Filter>ShunLib</Filter>
    </ClInclude>
    <ClInclude Include="ShunLibTK\inc\SL_Texture.h">
      <Filter>ShunLib</Filter>
    </ClInclude>
    <ClInclude Include="ShunLib\inc\SL_Timer.h">
      <Filter>ShunLib</Filter>
    </ClInclude>
    <ClInclude Include="ShunLib\inc\SL_Vec2.h">
      <Filter>ShunLib</Filter>
    </ClInclude>
    <ClInclude Include="ShunLib\inc\SL_Vec3.h">
      <Filter>ShunLib</Filter>
    </ClInclude>
    <ClInclude Include="ShunLib\inc\SL_Vec4.h">
      <Filter>ShunLib</Filter>
    </ClInclude>
    <ClInclude Include="SL_Window.h">
      <Filter>ShunLib</Filter>
    </ClInclude>
    <ClInclude Include="Classes\imgui\stb_rect_pack.h">
      <Filter>UI</Filter>
    </ClInclude>
    <ClInclude Include="Classes\imgui\stb_textedit.h">
      <Filter>UI</Filter>
    </ClInclude>
    <ClInclude Include="Classes\imgui\stb_truetype.h">
      <Filter>UI</Filter>
    </ClInclude>
    <ClInclude Include="Classes\AppBase\AppBase.h">
      <Filter>Main\Game</Filter>
    </ClInclude>
    <ClInclude Include="Classes\Map\Tile.h">
      <Filter>Map</Filter>
    </ClInclude>
    <ClInclude Include="Utils\MouseManager.h">
      <Filter>Util</Filter>
    </ClInclude>
    <ClInclude Include="Classes\UI\Editor\UIWindow.h">
      <Filter>UI\Editor</Filter>
    </ClInclude>
    <ClInclude Include="Classes\UI\Editor\UIBase.h">
      <Filter>UI\Editor</Filter>
    </ClInclude>
    <ClInclude Include="Classes\UI\Editor\UIButton.h">
      <Filter>UI\Editor</Filter>
    </ClInclude>
  </ItemGroup>
  <ItemGroup>
    <ResourceCompile Include="resource.rc" />
  </ItemGroup>
  <ItemGroup>
    <Image Include="directx.ico" />
  </ItemGroup>
  <ItemGroup>
    <Filter Include="Main">
      <UniqueIdentifier>{6b01641b-ed3d-4f69-bb50-7bc3bbbd0359}</UniqueIdentifier>
    </Filter>
    <Filter Include="Main\Game">
      <UniqueIdentifier>{9883eb63-2e67-408b-a71e-69330dda072e}</UniqueIdentifier>
    </Filter>
    <Filter Include="UI">
      <UniqueIdentifier>{182c12af-62ce-47d1-a8db-568b8e631b43}</UniqueIdentifier>
    </Filter>
    <Filter Include="ShunLib">
      <UniqueIdentifier>{04d17023-8344-4f53-8a0d-23caad20e802}</UniqueIdentifier>
    </Filter>
    <Filter Include="Map">
      <UniqueIdentifier>{f4c1fe79-a089-4a3c-aa20-5e004daf35c6}</UniqueIdentifier>
    </Filter>
    <Filter Include="Util">
      <UniqueIdentifier>{f6e0afdb-f46c-4392-8706-d55f37c22afc}</UniqueIdentifier>
    </Filter>
    <Filter Include="UI\Editor">
      <UniqueIdentifier>{1d5d97e5-8768-436e-a44d-d7fe4b58d6d4}</UniqueIdentifier>
    </Filter>
  </ItemGroup>
</Project>